
Microsoft Visual Studio Solution File, Format Version 12.00
# Visual Studio 15
VisualStudioVersion = 15.0.28307.572
MinimumVisualStudioVersion = 10.0.40219.1
Project("{FAE04EC0-301F-11D3-BF4B-00C04F79EFBC}") = "Topicos", "Topicos\Topicos.csproj", "{C6A47C7F-50B1-4CB5-AAE1-95E24432F06B}"
EndProject
Global
	GlobalSection(SolutionConfigurationPlatforms) = preSolution
		Debug|Any CPU = Debug|Any CPU
		Release|Any CPU = Release|Any CPU
	EndGlobalSection
	GlobalSection(ProjectConfigurationPlatforms) = postSolution
		{C6A47C7F-50B1-4CB5-AAE1-95E24432F06B}.Debug|Any CPU.ActiveCfg = Debug|Any CPU
		{C6A47C7F-50B1-4CB5-AAE1-95E24432F06B}.Debug|Any CPU.Build.0 = Debug|Any CPU
		{C6A47C7F-50B1-4CB5-AAE1-95E24432F06B}.Release|Any CPU.ActiveCfg = Release|Any CPU
		{C6A47C7F-50B1-4CB5-AAE1-95E24432F06B}.Release|Any CPU.Build.0 = Release|Any CPU
	EndGlobalSection
	GlobalSection(SolutionProperties) = preSolution
		HideSolutionNode = FALSE
	EndGlobalSection
	GlobalSection(ExtensibilityGlobals) = postSolution
		SolutionGuid = {B7842D28-B167-4526-A114-2FCC7BD91C24}
	EndGlobalSection
EndGlobal
